// !$*UTF8*$!
{
	archiveVersion = 1;
	classes = {
	};
	objectVersion = 46;
	objects = {

/* Begin PBXBuildFile section */
		2F7F77631BCDE24100D7B28A /* main.m in Sources */ = {isa = PBXBuildFile; fileRef = 2F7F77621BCDE24100D7B28A /* main.m */; };
		2F7F77661BCDE24100D7B28A /* AppDelegate.m in Sources */ = {isa = PBXBuildFile; fileRef = 2F7F77651BCDE24100D7B28A /* AppDelegate.m */; };
		2F7F77731BCDE28C00D7B28A /* ViewController.m in Sources */ = {isa = PBXBuildFile; fileRef = 2F9341461A1B5BD300801471 /* ViewController.m */; };
		2F7F77761BCDE36100D7B28A /* InfiniteCollectionViewDataSource.m in Sources */ = {isa = PBXBuildFile; fileRef = 2F93416A1A1B5C6700801471 /* InfiniteCollectionViewDataSource.m */; };
		2F7F77771BCDE36100D7B28A /* InfiniteCollectionViewLayout.m in Sources */ = {isa = PBXBuildFile; fileRef = 2F93416D1A1B5CA700801471 /* InfiniteCollectionViewLayout.m */; };
		2F7F77781BCDE36100D7B28A /* InfiniteCollectionViewCell.m in Sources */ = {isa = PBXBuildFile; fileRef = 2F9341651A1B5C3600801471 /* InfiniteCollectionViewCell.m */; };
		2F7F777A1BCDE36100D7B28A /* InfiniteCollectionViewImageManager.m in Sources */ = {isa = PBXBuildFile; fileRef = 2F8B9EE71A1BE6D900A67FCD /* InfiniteCollectionViewImageManager.m */; };
		2F7F777B1BCDE36700D7B28A /* Images.xcassets in Resources */ = {isa = PBXBuildFile; fileRef = 2F93414B1A1B5BD300801471 /* Images.xcassets */; };
		2F7F777D1BCDE59A00D7B28A /* InfiniteCollectionViewCell.xib in Resources */ = {isa = PBXBuildFile; fileRef = 2F7F777C1BCDE59A00D7B28A /* InfiniteCollectionViewCell.xib */; };
		2F7F777F1BCDE80600D7B28A /* Main.storyboard in Resources */ = {isa = PBXBuildFile; fileRef = 2F7F777E1BCDE80600D7B28A /* Main.storyboard */; };
		2F7F77801BCDEA3900D7B28A /* placeholder.jpeg in Resources */ = {isa = PBXBuildFile; fileRef = 2F8B9EE91A1BEEDA00A67FCD /* placeholder.jpeg */; };
		2F8B9EE81A1BE6D900A67FCD /* InfiniteCollectionViewImageManager.m in Sources */ = {isa = PBXBuildFile; fileRef = 2F8B9EE71A1BE6D900A67FCD /* InfiniteCollectionViewImageManager.m */; };
		2F8B9EEA1A1BEEDA00A67FCD /* placeholder.jpeg in Resources */ = {isa = PBXBuildFile; fileRef = 2F8B9EE91A1BEEDA00A67FCD /* placeholder.jpeg */; };
		2F9341411A1B5BD300801471 /* main.m in Sources */ = {isa = PBXBuildFile; fileRef = 2F9341401A1B5BD300801471 /* main.m */; };
		2F9341471A1B5BD300801471 /* ViewController.m in Sources */ = {isa = PBXBuildFile; fileRef = 2F9341461A1B5BD300801471 /* ViewController.m */; };
		2F93414C1A1B5BD300801471 /* Images.xcassets in Resources */ = {isa = PBXBuildFile; fileRef = 2F93414B1A1B5BD300801471 /* Images.xcassets */; };
		2F9341671A1B5C3600801471 /* InfiniteCollectionViewCell.m in Sources */ = {isa = PBXBuildFile; fileRef = 2F9341651A1B5C3600801471 /* InfiniteCollectionViewCell.m */; };
		2F9341681A1B5C3600801471 /* InfiniteCollectionViewCell.xib in Resources */ = {isa = PBXBuildFile; fileRef = 2F9341661A1B5C3600801471 /* InfiniteCollectionViewCell.xib */; };
		2F93416B1A1B5C6700801471 /* InfiniteCollectionViewDataSource.m in Sources */ = {isa = PBXBuildFile; fileRef = 2F93416A1A1B5C6700801471 /* InfiniteCollectionViewDataSource.m */; };
		2F93416E1A1B5CA700801471 /* InfiniteCollectionViewLayout.m in Sources */ = {isa = PBXBuildFile; fileRef = 2F93416D1A1B5CA700801471 /* InfiniteCollectionViewLayout.m */; };
		9800A9AC1A4D101C00DE30FE /* Main.storyboard in Resources */ = {isa = PBXBuildFile; fileRef = 9800A9AE1A4D101C00DE30FE /* Main.storyboard */; };
		9800A9AF1A4D102200DE30FE /* LaunchScreen.xib in Resources */ = {isa = PBXBuildFile; fileRef = 9800A9B11A4D102200DE30FE /* LaunchScreen.xib */; };
		980495B21A4CED3D00FE2ECD /* AppDelegate.m in Sources */ = {isa = PBXBuildFile; fileRef = 980495B11A4CED3D00FE2ECD /* AppDelegate.m */; };
/* End PBXBuildFile section */

/* Begin PBXFileReference section */
		2F7F775F1BCDE24100D7B28A /* InfiniteCV.app */ = {isa = PBXFileReference; explicitFileType = wrapper.application; includeInIndex = 0; path = InfiniteCV.app; sourceTree = BUILT_PRODUCTS_DIR; };
		2F7F77621BCDE24100D7B28A /* main.m */ = {isa = PBXFileReference; lastKnownFileType = sourcecode.c.objc; path = main.m; sourceTree = "<group>"; };
		2F7F77641BCDE24100D7B28A /* AppDelegate.h */ = {isa = PBXFileReference; lastKnownFileType = sourcecode.c.h; path = AppDelegate.h; sourceTree = "<group>"; };
		2F7F77651BCDE24100D7B28A /* AppDelegate.m */ = {isa = PBXFileReference; lastKnownFileType = sourcecode.c.objc; path = AppDelegate.m; sourceTree = "<group>"; };
		2F7F776F1BCDE24100D7B28A /* Info.plist */ = {isa = PBXFileReference; lastKnownFileType = text.plist.xml; path = Info.plist; sourceTree = "<group>"; };
		2F7F777C1BCDE59A00D7B28A /* InfiniteCollectionViewCell.xib */ = {isa = PBXFileReference; fileEncoding = 4; lastKnownFileType = file.xib; path = InfiniteCollectionViewCell.xib; sourceTree = "<group>"; };
		2F7F777E1BCDE80600D7B28A /* Main.storyboard */ = {isa = PBXFileReference; fileEncoding = 4; lastKnownFileType = file.storyboard; path = Main.storyboard; sourceTree = "<group>"; };
		2F8B9EE61A1BE6D900A67FCD /* InfiniteCollectionViewImageManager.h */ = {isa = PBXFileReference; fileEncoding = 4; lastKnownFileType = sourcecode.c.h; path = InfiniteCollectionViewImageManager.h; sourceTree = "<group>"; };
		2F8B9EE71A1BE6D900A67FCD /* InfiniteCollectionViewImageManager.m */ = {isa = PBXFileReference; fileEncoding = 4; lastKnownFileType = sourcecode.c.objc; path = InfiniteCollectionViewImageManager.m; sourceTree = "<group>"; };
		2F8B9EE91A1BEEDA00A67FCD /* placeholder.jpeg */ = {isa = PBXFileReference; lastKnownFileType = image.jpeg; path = placeholder.jpeg; sourceTree = "<group>"; };
		2F93413B1A1B5BD300801471 /* InfiniteCollectionView.app */ = {isa = PBXFileReference; explicitFileType = wrapper.application; includeInIndex = 0; path = InfiniteCollectionView.app; sourceTree = BUILT_PRODUCTS_DIR; };
		2F93413F1A1B5BD300801471 /* Info.plist */ = {isa = PBXFileReference; lastKnownFileType = text.plist.xml; path = Info.plist; sourceTree = "<group>"; };
		2F9341401A1B5BD300801471 /* main.m */ = {isa = PBXFileReference; lastKnownFileType = sourcecode.c.objc; path = main.m; sourceTree = "<group>"; };
		2F9341421A1B5BD300801471 /* AppDelegate.h */ = {isa = PBXFileReference; lastKnownFileType = sourcecode.c.h; path = AppDelegate.h; sourceTree = "<group>"; };
		2F9341451A1B5BD300801471 /* ViewController.h */ = {isa = PBXFileReference; lastKnownFileType = sourcecode.c.h; path = ViewController.h; sourceTree = "<group>"; };
		2F9341461A1B5BD300801471 /* ViewController.m */ = {isa = PBXFileReference; lastKnownFileType = sourcecode.c.objc; path = ViewController.m; sourceTree = "<group>"; };
		2F93414B1A1B5BD300801471 /* Images.xcassets */ = {isa = PBXFileReference; lastKnownFileType = folder.assetcatalog; path = Images.xcassets; sourceTree = "<group>"; };
		2F9341641A1B5C3600801471 /* InfiniteCollectionViewCell.h */ = {isa = PBXFileReference; fileEncoding = 4; lastKnownFileType = sourcecode.c.h; path = InfiniteCollectionViewCell.h; sourceTree = "<group>"; };
		2F9341651A1B5C3600801471 /* InfiniteCollectionViewCell.m */ = {isa = PBXFileReference; fileEncoding = 4; lastKnownFileType = sourcecode.c.objc; path = InfiniteCollectionViewCell.m; sourceTree = "<group>"; };
		2F9341661A1B5C3600801471 /* InfiniteCollectionViewCell.xib */ = {isa = PBXFileReference; fileEncoding = 4; lastKnownFileType = file.xib; path = InfiniteCollectionViewCell.xib; sourceTree = "<group>"; };
		2F9341691A1B5C6700801471 /* InfiniteCollectionViewDataSource.h */ = {isa = PBXFileReference; fileEncoding = 4; lastKnownFileType = sourcecode.c.h; path = InfiniteCollectionViewDataSource.h; sourceTree = "<group>"; };
		2F93416A1A1B5C6700801471 /* InfiniteCollectionViewDataSource.m */ = {isa = PBXFileReference; fileEncoding = 4; lastKnownFileType = sourcecode.c.objc; path = InfiniteCollectionViewDataSource.m; sourceTree = "<group>"; };
		2F93416C1A1B5CA700801471 /* InfiniteCollectionViewLayout.h */ = {isa = PBXFileReference; fileEncoding = 4; lastKnownFileType = sourcecode.c.h; path = InfiniteCollectionViewLayout.h; sourceTree = "<group>"; };
		2F93416D1A1B5CA700801471 /* InfiniteCollectionViewLayout.m */ = {isa = PBXFileReference; fileEncoding = 4; lastKnownFileType = sourcecode.c.objc; path = InfiniteCollectionViewLayout.m; sourceTree = "<group>"; };
		9800A9AD1A4D101C00DE30FE /* Base */ = {isa = PBXFileReference; lastKnownFileType = file.storyboard; name = Base; path = Base.lproj/Main.storyboard; sourceTree = "<group>"; };
		9800A9B01A4D102200DE30FE /* Base */ = {isa = PBXFileReference; lastKnownFileType = file.xib; name = Base; path = Base.lproj/LaunchScreen.xib; sourceTree = "<group>"; };
		980495B11A4CED3D00FE2ECD /* AppDelegate.m */ = {isa = PBXFileReference; fileEncoding = 4; lastKnownFileType = sourcecode.c.objc; name = AppDelegate.m; path = InfiniteCollectionView/AppDelegate.m; sourceTree = SOURCE_ROOT; };
		98596B7F1A1C7C4200D0AF27 /* geometry.h */ = {isa = PBXFileReference; lastKnownFileType = sourcecode.c.h; path = geometry.h; sourceTree = "<group>"; };
/* End PBXFileReference section */

/* Begin PBXFrameworksBuildPhase section */
		2F7F775C1BCDE24100D7B28A /* Frameworks */ = {
			isa = PBXFrameworksBuildPhase;
			buildActionMask = 2147483647;
			files = (
			);
			runOnlyForDeploymentPostprocessing = 0;
		};
		2F9341381A1B5BD300801471 /* Frameworks */ = {
			isa = PBXFrameworksBuildPhase;
			buildActionMask = 2147483647;
			files = (
			);
			runOnlyForDeploymentPostprocessing = 0;
		};
/* End PBXFrameworksBuildPhase section */

/* Begin PBXGroup section */
		2F7F77601BCDE24100D7B28A /* InfiniteCV */ = {
			isa = PBXGroup;
			children = (
				2F7F777E1BCDE80600D7B28A /* Main.storyboard */,
				2F7F77641BCDE24100D7B28A /* AppDelegate.h */,
				2F7F77651BCDE24100D7B28A /* AppDelegate.m */,
				2F7F776F1BCDE24100D7B28A /* Info.plist */,
				2F7F777C1BCDE59A00D7B28A /* InfiniteCollectionViewCell.xib */,
				2F7F77611BCDE24100D7B28A /* Supporting Files */,
			);
			path = InfiniteCV;
			sourceTree = "<group>";
		};
		2F7F77611BCDE24100D7B28A /* Supporting Files */ = {
			isa = PBXGroup;
			children = (
				2F7F77621BCDE24100D7B28A /* main.m */,
			);
			name = "Supporting Files";
			sourceTree = "<group>";
		};
		2F9341321A1B5BD300801471 = {
			isa = PBXGroup;
			children = (
				2F93413D1A1B5BD300801471 /* InfiniteCollectionView */,
				2F7F77601BCDE24100D7B28A /* InfiniteCV */,
				2F93413C1A1B5BD300801471 /* Products */,
			);
			sourceTree = "<group>";
		};
		2F93413C1A1B5BD300801471 /* Products */ = {
			isa = PBXGroup;
			children = (
				2F93413B1A1B5BD300801471 /* InfiniteCollectionView.app */,
				2F7F775F1BCDE24100D7B28A /* InfiniteCV.app */,
			);
			name = Products;
			sourceTree = "<group>";
		};
		2F93413D1A1B5BD300801471 /* InfiniteCollectionView */ = {
			isa = PBXGroup;
			children = (
				2F9341421A1B5BD300801471 /* AppDelegate.h */,
				980495B11A4CED3D00FE2ECD /* AppDelegate.m */,
				2F9341451A1B5BD300801471 /* ViewController.h */,
				2F9341461A1B5BD300801471 /* ViewController.m */,
				9800A9B11A4D102200DE30FE /* LaunchScreen.xib */,
				9800A9AE1A4D101C00DE30FE /* Main.storyboard */,
				98596B7F1A1C7C4200D0AF27 /* geometry.h */,
				2F9341691A1B5C6700801471 /* InfiniteCollectionViewDataSource.h */,
				2F93416A1A1B5C6700801471 /* InfiniteCollectionViewDataSource.m */,
				2F93416C1A1B5CA700801471 /* InfiniteCollectionViewLayout.h */,
				2F93416D1A1B5CA700801471 /* InfiniteCollectionViewLayout.m */,
				2F9341641A1B5C3600801471 /* InfiniteCollectionViewCell.h */,
				2F9341651A1B5C3600801471 /* InfiniteCollectionViewCell.m */,
				2F9341661A1B5C3600801471 /* InfiniteCollectionViewCell.xib */,
				2F8B9EE61A1BE6D900A67FCD /* InfiniteCollectionViewImageManager.h */,
				2F8B9EE71A1BE6D900A67FCD /* InfiniteCollectionViewImageManager.m */,
				2F93414B1A1B5BD300801471 /* Images.xcassets */,
				2F8B9EE91A1BEEDA00A67FCD /* placeholder.jpeg */,
				2F93413E1A1B5BD300801471 /* Supporting Files */,
			);
			path = InfiniteCollectionView;
			sourceTree = "<group>";
		};
		2F93413E1A1B5BD300801471 /* Supporting Files */ = {
			isa = PBXGroup;
			children = (
				2F93413F1A1B5BD300801471 /* Info.plist */,
				2F9341401A1B5BD300801471 /* main.m */,
			);
			name = "Supporting Files";
			sourceTree = "<group>";
		};
/* End PBXGroup section */

/* Begin PBXNativeTarget section */
		2F7F775E1BCDE24100D7B28A /* InfiniteCV */ = {
			isa = PBXNativeTarget;
			buildConfigurationList = 2F7F77721BCDE24100D7B28A /* Build configuration list for PBXNativeTarget "InfiniteCV" */;
			buildPhases = (
				2F7F775B1BCDE24100D7B28A /* Sources */,
				2F7F775C1BCDE24100D7B28A /* Frameworks */,
				2F7F775D1BCDE24100D7B28A /* Resources */,
			);
			buildRules = (
			);
			dependencies = (
			);
			name = InfiniteCV;
			productName = InfiniteCV;
			productReference = 2F7F775F1BCDE24100D7B28A /* InfiniteCV.app */;
			productType = "com.apple.product-type.application";
		};
		2F93413A1A1B5BD300801471 /* InfiniteCollectionView */ = {
			isa = PBXNativeTarget;
			buildConfigurationList = 2F93415E1A1B5BD300801471 /* Build configuration list for PBXNativeTarget "InfiniteCollectionView" */;
			buildPhases = (
				2F9341371A1B5BD300801471 /* Sources */,
				2F9341381A1B5BD300801471 /* Frameworks */,
				2F9341391A1B5BD300801471 /* Resources */,
			);
			buildRules = (
			);
			dependencies = (
			);
			name = InfiniteCollectionView;
			productName = InfiniteCollectionView;
			productReference = 2F93413B1A1B5BD300801471 /* InfiniteCollectionView.app */;
			productType = "com.apple.product-type.application";
		};
/* End PBXNativeTarget section */

/* Begin PBXProject section */
		2F9341331A1B5BD300801471 /* Project object */ = {
			isa = PBXProject;
			attributes = {
				LastUpgradeCheck = 0800;
				ORGANIZATIONNAME = mahboud;
				TargetAttributes = {
					2F7F775E1BCDE24100D7B28A = {
						CreatedOnToolsVersion = 7.1;
					};
					2F93413A1A1B5BD300801471 = {
						CreatedOnToolsVersion = 6.1;
						DevelopmentTeam = FG8NNNY6FP;
					};
				};
			};
			buildConfigurationList = 2F9341361A1B5BD300801471 /* Build configuration list for PBXProject "InfiniteCollectionView" */;
			compatibilityVersion = "Xcode 3.2";
			developmentRegion = English;
			hasScannedForEncodings = 0;
			knownRegions = (
				Base,
			);
			mainGroup = 2F9341321A1B5BD300801471;
			productRefGroup = 2F93413C1A1B5BD300801471 /* Products */;
			projectDirPath = "";
			projectRoot = "";
			targets = (
				2F93413A1A1B5BD300801471 /* InfiniteCollectionView */,
				2F7F775E1BCDE24100D7B28A /* InfiniteCV */,
			);
		};
/* End PBXProject section */

/* Begin PBXResourcesBuildPhase section */
		2F7F775D1BCDE24100D7B28A /* Resources */ = {
			isa = PBXResourcesBuildPhase;
			buildActionMask = 2147483647;
			files = (
				2F7F777F1BCDE80600D7B28A /* Main.storyboard in Resources */,
				2F7F777B1BCDE36700D7B28A /* Images.xcassets in Resources */,
				2F7F777D1BCDE59A00D7B28A /* InfiniteCollectionViewCell.xib in Resources */,
				2F7F77801BCDEA3900D7B28A /* placeholder.jpeg in Resources */,
			);
			runOnlyForDeploymentPostprocessing = 0;
		};
		2F9341391A1B5BD300801471 /* Resources */ = {
			isa = PBXResourcesBuildPhase;
			buildActionMask = 2147483647;
			files = (
				9800A9AF1A4D102200DE30FE /* LaunchScreen.xib in Resources */,
				2F8B9EEA1A1BEEDA00A67FCD /* placeholder.jpeg in Resources */,
				9800A9AC1A4D101C00DE30FE /* Main.storyboard in Resources */,
				2F93414C1A1B5BD300801471 /* Images.xcassets in Resources */,
				2F9341681A1B5C3600801471 /* InfiniteCollectionViewCell.xib in Resources */,
			);
			runOnlyForDeploymentPostprocessing = 0;
		};
/* End PBXResourcesBuildPhase section */

/* Begin PBXSourcesBuildPhase section */
		2F7F775B1BCDE24100D7B28A /* Sources */ = {
			isa = PBXSourcesBuildPhase;
			buildActionMask = 2147483647;
			files = (
				2F7F77731BCDE28C00D7B28A /* ViewController.m in Sources */,
				2F7F77761BCDE36100D7B28A /* InfiniteCollectionViewDataSource.m in Sources */,
				2F7F77771BCDE36100D7B28A /* InfiniteCollectionViewLayout.m in Sources */,
				2F7F77661BCDE24100D7B28A /* AppDelegate.m in Sources */,
				2F7F777A1BCDE36100D7B28A /* InfiniteCollectionViewImageManager.m in Sources */,
				2F7F77781BCDE36100D7B28A /* InfiniteCollectionViewCell.m in Sources */,
				2F7F77631BCDE24100D7B28A /* main.m in Sources */,
			);
			runOnlyForDeploymentPostprocessing = 0;
		};
		2F9341371A1B5BD300801471 /* Sources */ = {
			isa = PBXSourcesBuildPhase;
			buildActionMask = 2147483647;
			files = (
				2F93416B1A1B5C6700801471 /* InfiniteCollectionViewDataSource.m in Sources */,
				2F9341471A1B5BD300801471 /* ViewController.m in Sources */,
				2F9341411A1B5BD300801471 /* main.m in Sources */,
				2F9341671A1B5C3600801471 /* InfiniteCollectionViewCell.m in Sources */,
				2F93416E1A1B5CA700801471 /* InfiniteCollectionViewLayout.m in Sources */,
				2F8B9EE81A1BE6D900A67FCD /* InfiniteCollectionViewImageManager.m in Sources */,
				980495B21A4CED3D00FE2ECD /* AppDelegate.m in Sources */,
			);
			runOnlyForDeploymentPostprocessing = 0;
		};
/* End PBXSourcesBuildPhase section */

/* Begin PBXVariantGroup section */
		9800A9AE1A4D101C00DE30FE /* Main.storyboard */ = {
			isa = PBXVariantGroup;
			children = (
				9800A9AD1A4D101C00DE30FE /* Base */,
			);
			name = Main.storyboard;
			sourceTree = "<group>";
		};
		9800A9B11A4D102200DE30FE /* LaunchScreen.xib */ = {
			isa = PBXVariantGroup;
			children = (
				9800A9B01A4D102200DE30FE /* Base */,
			);
			name = LaunchScreen.xib;
			sourceTree = "<group>";
		};
/* End PBXVariantGroup section */

/* Begin XCBuildConfiguration section */
		2F7F77701BCDE24100D7B28A /* Debug */ = {
			isa = XCBuildConfiguration;
			buildSettings = {
				ASSETCATALOG_COMPILER_APPICON_NAME = "App Icon & Top Shelf Image";
				ASSETCATALOG_COMPILER_LAUNCHIMAGE_NAME = LaunchImage;
				DEBUG_INFORMATION_FORMAT = dwarf;
				ENABLE_TESTABILITY = YES;
				GCC_NO_COMMON_BLOCKS = YES;
				INFOPLIST_FILE = InfiniteCV/Info.plist;
				LD_RUNPATH_SEARCH_PATHS = "$(inherited) @executable_path/Frameworks";
				PRODUCT_BUNDLE_IDENTIFIER = com.bitsonthego.1apps.InfiniteCV;
				PRODUCT_NAME = "$(TARGET_NAME)";
				SDKROOT = appletvos;
				TARGETED_DEVICE_FAMILY = 3;
				TVOS_DEPLOYMENT_TARGET = 9.0;
			};
			name = Debug;
		};
		2F7F77711BCDE24100D7B28A /* Release */ = {
			isa = XCBuildConfiguration;
			buildSettings = {
				ASSETCATALOG_COMPILER_APPICON_NAME = "App Icon & Top Shelf Image";
				ASSETCATALOG_COMPILER_LAUNCHIMAGE_NAME = LaunchImage;
				COPY_PHASE_STRIP = NO;
				DEBUG_INFORMATION_FORMAT = "dwarf-with-dsym";
				GCC_NO_COMMON_BLOCKS = YES;
				INFOPLIST_FILE = InfiniteCV/Info.plist;
				LD_RUNPATH_SEARCH_PATHS = "$(inherited) @executable_path/Frameworks";
				PRODUCT_BUNDLE_IDENTIFIER = com.bitsonthego.1apps.InfiniteCV;
				PRODUCT_NAME = "$(TARGET_NAME)";
				SDKROOT = appletvos;
				TARGETED_DEVICE_FAMILY = 3;
				TVOS_DEPLOYMENT_TARGET = 9.0;
			};
			name = Release;
		};
		2F93415C1A1B5BD300801471 /* Debug */ = {
			isa = XCBuildConfiguration;
			buildSettings = {
				ALWAYS_SEARCH_USER_PATHS = NO;
				CLANG_CXX_LANGUAGE_STANDARD = "gnu++0x";
				CLANG_CXX_LIBRARY = "libc++";
				CLANG_ENABLE_MODULES = YES;
				CLANG_ENABLE_OBJC_ARC = YES;
				CLANG_WARN_BOOL_CONVERSION = YES;
				CLANG_WARN_CONSTANT_CONVERSION = YES;
				CLANG_WARN_DIRECT_OBJC_ISA_USAGE = YES_ERROR;
				CLANG_WARN_EMPTY_BODY = YES;
				CLANG_WARN_ENUM_CONVERSION = YES;
				CLANG_WARN_INFINITE_RECURSION = YES;
				CLANG_WARN_INT_CONVERSION = YES;
				CLANG_WARN_OBJC_ROOT_CLASS = YES_ERROR;
				CLANG_WARN_SUSPICIOUS_MOVE = YES;
				CLANG_WARN_UNREACHABLE_CODE = YES;
				CLANG_WARN__DUPLICATE_METHOD_MATCH = YES;
				"CODE_SIGN_IDENTITY[sdk=iphoneos*]" = "iPhone Developer";
				COPY_PHASE_STRIP = NO;
				ENABLE_STRICT_OBJC_MSGSEND = YES;
				ENABLE_TESTABILITY = YES;
				GCC_C_LANGUAGE_STANDARD = gnu99;
				GCC_DYNAMIC_NO_PIC = NO;
				GCC_NO_COMMON_BLOCKS = YES;
				GCC_OPTIMIZATION_LEVEL = 0;
				GCC_PREPROCESSOR_DEFINITIONS = (
					"DEBUG=1",
					"$(inherited)",
				);
				GCC_SYMBOLS_PRIVATE_EXTERN = NO;
				GCC_WARN_64_TO_32_BIT_CONVERSION = YES;
				GCC_WARN_ABOUT_RETURN_TYPE = YES_ERROR;
				GCC_WARN_UNDECLARED_SELECTOR = YES;
				GCC_WARN_UNINITIALIZED_AUTOS = YES_AGGRESSIVE;
				GCC_WARN_UNUSED_FUNCTION = YES;
				GCC_WARN_UNUSED_VARIABLE = YES;
				IPHONEOS_DEPLOYMENT_TARGET = 8.1;
				MTL_ENABLE_DEBUG_INFO = YES;
				ONLY_ACTIVE_ARCH = YES;
				SDKROOT = iphoneos;
				TARGETED_DEVICE_FAMILY = "1,2";
			};
			name = Debug;
		};
		2F93415D1A1B5BD300801471 /* Release */ = {
			isa = XCBuildConfiguration;
			buildSettings = {
				ALWAYS_SEARCH_USER_PATHS = NO;
				CLANG_CXX_LANGUAGE_STANDARD = "gnu++0x";
				CLANG_CXX_LIBRARY = "libc++";
				CLANG_ENABLE_MODULES = YES;
				CLANG_ENABLE_OBJC_ARC = YES;
				CLANG_WARN_BOOL_CONVERSION = YES;
				CLANG_WARN_CONSTANT_CONVERSION = YES;
				CLANG_WARN_DIRECT_OBJC_ISA_USAGE = YES_ERROR;
				CLANG_WARN_EMPTY_BODY = YES;
				CLANG_WARN_ENUM_CONVERSION = YES;
				CLANG_WARN_INFINITE_RECURSION = YES;
				CLANG_WARN_INT_CONVERSION = YES;
				CLANG_WARN_OBJC_ROOT_CLASS = YES_ERROR;
				CLANG_WARN_SUSPICIOUS_MOVE = YES;
				CLANG_WARN_UNREACHABLE_CODE = YES;
				CLANG_WARN__DUPLICATE_METHOD_MATCH = YES;
				"CODE_SIGN_IDENTITY[sdk=iphoneos*]" = "iPhone Developer";
				COPY_PHASE_STRIP = YES;
				ENABLE_NS_ASSERTIONS = NO;
				ENABLE_STRICT_OBJC_MSGSEND = YES;
				GCC_C_LANGUAGE_STANDARD = gnu99;
				GCC_NO_COMMON_BLOCKS = YES;
				GCC_WARN_64_TO_32_BIT_CONVERSION = YES;
				GCC_WARN_ABOUT_RETURN_TYPE = YES_ERROR;
				GCC_WARN_UNDECLARED_SELECTOR = YES;
				GCC_WARN_UNINITIALIZED_AUTOS = YES_AGGRESSIVE;
				GCC_WARN_UNUSED_FUNCTION = YES;
				GCC_WARN_UNUSED_VARIABLE = YES;
				IPHONEOS_DEPLOYMENT_TARGET = 8.1;
				MTL_ENABLE_DEBUG_INFO = NO;
				SDKROOT = iphoneos;
				TARGETED_DEVICE_FAMILY = "1,2";
				VALIDATE_PRODUCT = YES;
			};
			name = Release;
		};
		2F93415F1A1B5BD300801471 /* Debug */ = {
			isa = XCBuildConfiguration;
			buildSettings = {
				ASSETCATALOG_COMPILER_APPICON_NAME = AppIcon;
				CODE_SIGN_IDENTITY = "iPhone Developer";
				INFOPLIST_FILE = "$(SRCROOT)/InfiniteCollectionView/Info.plist";
				LD_RUNPATH_SEARCH_PATHS = "$(inherited) @executable_path/Frameworks";
				PRODUCT_BUNDLE_IDENTIFIER = "com.bitsonthego.1apps.$(PRODUCT_NAME:rfc1034identifier)";
				PRODUCT_NAME = InfiniteCollectionView;
			};
			name = Debug;
		};
		2F9341601A1B5BD300801471 /* Release */ = {
			isa = XCBuildConfiguration;
			buildSettings = {
				ASSETCATALOG_COMPILER_APPICON_NAME = AppIcon;
				CODE_SIGN_IDENTITY = "iPhone Developer";
				INFOPLIST_FILE = "$(SRCROOT)/InfiniteCollectionView/Info.plist";
				LD_RUNPATH_SEARCH_PATHS = "$(inherited) @executable_path/Frameworks";
				PRODUCT_BUNDLE_IDENTIFIER = "com.bitsonthego.1apps.$(PRODUCT_NAME:rfc1034identifier)";
				PRODUCT_NAME = InfiniteCollectionView;
			};
			name = Release;
		};
/* End XCBuildConfiguration section */

/* Begin XCConfigurationList section */
		2F7F77721BCDE24100D7B28A /* Build configuration list for PBXNativeTarget "InfiniteCV" */ = {
			isa = XCConfigurationList;
			buildConfigurations = (
				2F7F77701BCDE24100D7B28A /* Debug */,
				2F7F77711BCDE24100D7B28A /* Release */,
			);
			defaultConfigurationIsVisible = 0;
			defaultConfigurationName = Release;
		};
		2F9341361A1B5BD300801471 /* Build configuration list for PBXProject "InfiniteCollectionView" */ = {
			isa = XCConfigurationList;
			buildConfigurations = (
				2F93415C1A1B5BD300801471 /* Debug */,
				2F93415D1A1B5BD300801471 /* Release */,
			);
			defaultConfigurationIsVisible = 0;
			defaultConfigurationName = Release;
		};
		2F93415E1A1B5BD300801471 /* Build configuration list for PBXNativeTarget "InfiniteCollectionView" */ = {
			isa = XCConfigurationList;
			buildConfigurations = (
				2F93415F1A1B5BD300801471 /* Debug */,
				2F9341601A1B5BD300801471 /* Release */,
			);
			defaultConfigurationIsVisible = 0;
			defaultConfigurationName = Release;
		};
/* End XCConfigurationList section */
	};
	rootObject = 2F9341331A1B5BD300801471 /* Project object */;
}
