// !$*UTF8*$!
{
	archiveVersion = 1;
	classes = {
	};
	objectVersion = 46;
	objects = {

/* Begin PBXBuildFile section */
		2F8B9EE81A1BE6D900A67FCD /* GFEImageManager.m in Sources */ = {isa = PBXBuildFile; fileRef = 2F8B9EE71A1BE6D900A67FCD /* GFEImageManager.m */; };
		2F8B9EEA1A1BEEDA00A67FCD /* placeholder.jpeg in Resources */ = {isa = PBXBuildFile; fileRef = 2F8B9EE91A1BEEDA00A67FCD /* placeholder.jpeg */; };
		2F9341411A1B5BD300801471 /* main.m in Sources */ = {isa = PBXBuildFile; fileRef = 2F9341401A1B5BD300801471 /* main.m */; };
		2F9341441A1B5BD300801471 /* AppDelegate.m in Sources */ = {isa = PBXBuildFile; fileRef = 2F9341431A1B5BD300801471 /* AppDelegate.m */; };
		2F9341471A1B5BD300801471 /* ViewController.m in Sources */ = {isa = PBXBuildFile; fileRef = 2F9341461A1B5BD300801471 /* ViewController.m */; };
		2F93414A1A1B5BD300801471 /* Main.storyboard in Resources */ = {isa = PBXBuildFile; fileRef = 2F9341481A1B5BD300801471 /* Main.storyboard */; };
		2F93414C1A1B5BD300801471 /* Images.xcassets in Resources */ = {isa = PBXBuildFile; fileRef = 2F93414B1A1B5BD300801471 /* Images.xcassets */; };
		2F93414F1A1B5BD300801471 /* LaunchScreen.xib in Resources */ = {isa = PBXBuildFile; fileRef = 2F93414D1A1B5BD300801471 /* LaunchScreen.xib */; };
		2F93415B1A1B5BD300801471 /* GFExerciseTests.m in Sources */ = {isa = PBXBuildFile; fileRef = 2F93415A1A1B5BD300801471 /* GFExerciseTests.m */; };
		2F9341671A1B5C3600801471 /* GFECollectionViewCell.m in Sources */ = {isa = PBXBuildFile; fileRef = 2F9341651A1B5C3600801471 /* GFECollectionViewCell.m */; };
		2F9341681A1B5C3600801471 /* GFECollectionViewCell.xib in Resources */ = {isa = PBXBuildFile; fileRef = 2F9341661A1B5C3600801471 /* GFECollectionViewCell.xib */; };
		2F93416B1A1B5C6700801471 /* GFECollectionViewDataSource.m in Sources */ = {isa = PBXBuildFile; fileRef = 2F93416A1A1B5C6700801471 /* GFECollectionViewDataSource.m */; };
		2F93416E1A1B5CA700801471 /* GFECollectionViewLayout.m in Sources */ = {isa = PBXBuildFile; fileRef = 2F93416D1A1B5CA700801471 /* GFECollectionViewLayout.m */; };
/* End PBXBuildFile section */

/* Begin PBXContainerItemProxy section */
		2F9341551A1B5BD300801471 /* PBXContainerItemProxy */ = {
			isa = PBXContainerItemProxy;
			containerPortal = 2F9341331A1B5BD300801471 /* Project object */;
			proxyType = 1;
			remoteGlobalIDString = 2F93413A1A1B5BD300801471;
			remoteInfo = GFExercise;
		};
/* End PBXContainerItemProxy section */

/* Begin PBXFileReference section */
		2F8B9EE61A1BE6D900A67FCD /* GFEImageManager.h */ = {isa = PBXFileReference; fileEncoding = 4; lastKnownFileType = sourcecode.c.h; path = GFEImageManager.h; sourceTree = "<group>"; };
		2F8B9EE71A1BE6D900A67FCD /* GFEImageManager.m */ = {isa = PBXFileReference; fileEncoding = 4; lastKnownFileType = sourcecode.c.objc; path = GFEImageManager.m; sourceTree = "<group>"; };
		2F8B9EE91A1BEEDA00A67FCD /* placeholder.jpeg */ = {isa = PBXFileReference; lastKnownFileType = image.jpeg; path = placeholder.jpeg; sourceTree = "<group>"; };
		2F93413B1A1B5BD300801471 /* GFExercise.app */ = {isa = PBXFileReference; explicitFileType = wrapper.application; includeInIndex = 0; path = GFExercise.app; sourceTree = BUILT_PRODUCTS_DIR; };
		2F93413F1A1B5BD300801471 /* Info.plist */ = {isa = PBXFileReference; lastKnownFileType = text.plist.xml; path = Info.plist; sourceTree = "<group>"; };
		2F9341401A1B5BD300801471 /* main.m */ = {isa = PBXFileReference; lastKnownFileType = sourcecode.c.objc; path = main.m; sourceTree = "<group>"; };
		2F9341421A1B5BD300801471 /* AppDelegate.h */ = {isa = PBXFileReference; lastKnownFileType = sourcecode.c.h; path = AppDelegate.h; sourceTree = "<group>"; };
		2F9341431A1B5BD300801471 /* AppDelegate.m */ = {isa = PBXFileReference; lastKnownFileType = sourcecode.c.objc; path = AppDelegate.m; sourceTree = "<group>"; };
		2F9341451A1B5BD300801471 /* ViewController.h */ = {isa = PBXFileReference; lastKnownFileType = sourcecode.c.h; path = ViewController.h; sourceTree = "<group>"; };
		2F9341461A1B5BD300801471 /* ViewController.m */ = {isa = PBXFileReference; lastKnownFileType = sourcecode.c.objc; path = ViewController.m; sourceTree = "<group>"; };
		2F9341491A1B5BD300801471 /* Base */ = {isa = PBXFileReference; lastKnownFileType = file.storyboard; name = Base; path = Base.lproj/Main.storyboard; sourceTree = "<group>"; };
		2F93414B1A1B5BD300801471 /* Images.xcassets */ = {isa = PBXFileReference; lastKnownFileType = folder.assetcatalog; path = Images.xcassets; sourceTree = "<group>"; };
		2F93414E1A1B5BD300801471 /* Base */ = {isa = PBXFileReference; lastKnownFileType = file.xib; name = Base; path = Base.lproj/LaunchScreen.xib; sourceTree = "<group>"; };
		2F9341541A1B5BD300801471 /* GFExerciseTests.xctest */ = {isa = PBXFileReference; explicitFileType = wrapper.cfbundle; includeInIndex = 0; path = GFExerciseTests.xctest; sourceTree = BUILT_PRODUCTS_DIR; };
		2F9341591A1B5BD300801471 /* Info.plist */ = {isa = PBXFileReference; lastKnownFileType = text.plist.xml; path = Info.plist; sourceTree = "<group>"; };
		2F93415A1A1B5BD300801471 /* GFExerciseTests.m */ = {isa = PBXFileReference; lastKnownFileType = sourcecode.c.objc; path = GFExerciseTests.m; sourceTree = "<group>"; };
		2F9341641A1B5C3600801471 /* GFECollectionViewCell.h */ = {isa = PBXFileReference; fileEncoding = 4; lastKnownFileType = sourcecode.c.h; path = GFECollectionViewCell.h; sourceTree = "<group>"; };
		2F9341651A1B5C3600801471 /* GFECollectionViewCell.m */ = {isa = PBXFileReference; fileEncoding = 4; lastKnownFileType = sourcecode.c.objc; path = GFECollectionViewCell.m; sourceTree = "<group>"; };
		2F9341661A1B5C3600801471 /* GFECollectionViewCell.xib */ = {isa = PBXFileReference; fileEncoding = 4; lastKnownFileType = file.xib; path = GFECollectionViewCell.xib; sourceTree = "<group>"; };
		2F9341691A1B5C6700801471 /* GFECollectionViewDataSource.h */ = {isa = PBXFileReference; fileEncoding = 4; lastKnownFileType = sourcecode.c.h; path = GFECollectionViewDataSource.h; sourceTree = "<group>"; };
		2F93416A1A1B5C6700801471 /* GFECollectionViewDataSource.m */ = {isa = PBXFileReference; fileEncoding = 4; lastKnownFileType = sourcecode.c.objc; path = GFECollectionViewDataSource.m; sourceTree = "<group>"; };
		2F93416C1A1B5CA700801471 /* GFECollectionViewLayout.h */ = {isa = PBXFileReference; fileEncoding = 4; lastKnownFileType = sourcecode.c.h; path = GFECollectionViewLayout.h; sourceTree = "<group>"; };
		2F93416D1A1B5CA700801471 /* GFECollectionViewLayout.m */ = {isa = PBXFileReference; fileEncoding = 4; lastKnownFileType = sourcecode.c.objc; path = GFECollectionViewLayout.m; sourceTree = "<group>"; };
		98596B7F1A1C7C4200D0AF27 /* geometry.h */ = {isa = PBXFileReference; lastKnownFileType = sourcecode.c.h; path = geometry.h; sourceTree = "<group>"; };
/* End PBXFileReference section */

/* Begin PBXFrameworksBuildPhase section */
		2F9341381A1B5BD300801471 /* Frameworks */ = {
			isa = PBXFrameworksBuildPhase;
			buildActionMask = 2147483647;
			files = (
			);
			runOnlyForDeploymentPostprocessing = 0;
		};
		2F9341511A1B5BD300801471 /* Frameworks */ = {
			isa = PBXFrameworksBuildPhase;
			buildActionMask = 2147483647;
			files = (
			);
			runOnlyForDeploymentPostprocessing = 0;
		};
/* End PBXFrameworksBuildPhase section */

/* Begin PBXGroup section */
		2F9341321A1B5BD300801471 = {
			isa = PBXGroup;
			children = (
				2F93413D1A1B5BD300801471 /* GFExercise */,
				2F9341571A1B5BD300801471 /* GFExerciseTests */,
				2F93413C1A1B5BD300801471 /* Products */,
			);
			sourceTree = "<group>";
		};
		2F93413C1A1B5BD300801471 /* Products */ = {
			isa = PBXGroup;
			children = (
				2F93413B1A1B5BD300801471 /* GFExercise.app */,
				2F9341541A1B5BD300801471 /* GFExerciseTests.xctest */,
			);
			name = Products;
			sourceTree = "<group>";
		};
		2F93413D1A1B5BD300801471 /* GFExercise */ = {
			isa = PBXGroup;
			children = (
				2F9341421A1B5BD300801471 /* AppDelegate.h */,
				2F9341431A1B5BD300801471 /* AppDelegate.m */,
				2F9341451A1B5BD300801471 /* ViewController.h */,
				2F9341461A1B5BD300801471 /* ViewController.m */,
				2F9341481A1B5BD300801471 /* Main.storyboard */,
				98596B7F1A1C7C4200D0AF27 /* geometry.h */,
				2F9341691A1B5C6700801471 /* GFECollectionViewDataSource.h */,
				2F93416A1A1B5C6700801471 /* GFECollectionViewDataSource.m */,
				2F93416C1A1B5CA700801471 /* GFECollectionViewLayout.h */,
				2F93416D1A1B5CA700801471 /* GFECollectionViewLayout.m */,
				2F9341641A1B5C3600801471 /* GFECollectionViewCell.h */,
				2F9341651A1B5C3600801471 /* GFECollectionViewCell.m */,
				2F9341661A1B5C3600801471 /* GFECollectionViewCell.xib */,
				2F8B9EE61A1BE6D900A67FCD /* GFEImageManager.h */,
				2F8B9EE71A1BE6D900A67FCD /* GFEImageManager.m */,
				2F93414B1A1B5BD300801471 /* Images.xcassets */,
				2F8B9EE91A1BEEDA00A67FCD /* placeholder.jpeg */,
				2F93414D1A1B5BD300801471 /* LaunchScreen.xib */,
				2F93413E1A1B5BD300801471 /* Supporting Files */,
			);
			path = GFExercise;
			sourceTree = "<group>";
		};
		2F93413E1A1B5BD300801471 /* Supporting Files */ = {
			isa = PBXGroup;
			children = (
				2F93413F1A1B5BD300801471 /* Info.plist */,
				2F9341401A1B5BD300801471 /* main.m */,
			);
			name = "Supporting Files";
			sourceTree = "<group>";
		};
		2F9341571A1B5BD300801471 /* GFExerciseTests */ = {
			isa = PBXGroup;
			children = (
				2F93415A1A1B5BD300801471 /* GFExerciseTests.m */,
				2F9341581A1B5BD300801471 /* Supporting Files */,
			);
			path = GFExerciseTests;
			sourceTree = "<group>";
		};
		2F9341581A1B5BD300801471 /* Supporting Files */ = {
			isa = PBXGroup;
			children = (
				2F9341591A1B5BD300801471 /* Info.plist */,
			);
			name = "Supporting Files";
			sourceTree = "<group>";
		};
/* End PBXGroup section */

/* Begin PBXNativeTarget section */
		2F93413A1A1B5BD300801471 /* GFExercise */ = {
			isa = PBXNativeTarget;
			buildConfigurationList = 2F93415E1A1B5BD300801471 /* Build configuration list for PBXNativeTarget "GFExercise" */;
			buildPhases = (
				2F9341371A1B5BD300801471 /* Sources */,
				2F9341381A1B5BD300801471 /* Frameworks */,
				2F9341391A1B5BD300801471 /* Resources */,
			);
			buildRules = (
			);
			dependencies = (
			);
			name = GFExercise;
			productName = GFExercise;
			productReference = 2F93413B1A1B5BD300801471 /* GFExercise.app */;
			productType = "com.apple.product-type.application";
		};
		2F9341531A1B5BD300801471 /* GFExerciseTests */ = {
			isa = PBXNativeTarget;
			buildConfigurationList = 2F9341611A1B5BD300801471 /* Build configuration list for PBXNativeTarget "GFExerciseTests" */;
			buildPhases = (
				2F9341501A1B5BD300801471 /* Sources */,
				2F9341511A1B5BD300801471 /* Frameworks */,
				2F9341521A1B5BD300801471 /* Resources */,
			);
			buildRules = (
			);
			dependencies = (
				2F9341561A1B5BD300801471 /* PBXTargetDependency */,
			);
			name = GFExerciseTests;
			productName = GFExerciseTests;
			productReference = 2F9341541A1B5BD300801471 /* GFExerciseTests.xctest */;
			productType = "com.apple.product-type.bundle.unit-test";
		};
/* End PBXNativeTarget section */

/* Begin PBXProject section */
		2F9341331A1B5BD300801471 /* Project object */ = {
			isa = PBXProject;
			attributes = {
				LastUpgradeCheck = 0610;
				ORGANIZATIONNAME = mahboud;
				TargetAttributes = {
					2F93413A1A1B5BD300801471 = {
						CreatedOnToolsVersion = 6.1;
					};
					2F9341531A1B5BD300801471 = {
						CreatedOnToolsVersion = 6.1;
						TestTargetID = 2F93413A1A1B5BD300801471;
					};
				};
			};
			buildConfigurationList = 2F9341361A1B5BD300801471 /* Build configuration list for PBXProject "GFExercise" */;
			compatibilityVersion = "Xcode 3.2";
			developmentRegion = English;
			hasScannedForEncodings = 0;
			knownRegions = (
				en,
				Base,
			);
			mainGroup = 2F9341321A1B5BD300801471;
			productRefGroup = 2F93413C1A1B5BD300801471 /* Products */;
			projectDirPath = "";
			projectRoot = "";
			targets = (
				2F93413A1A1B5BD300801471 /* GFExercise */,
				2F9341531A1B5BD300801471 /* GFExerciseTests */,
			);
		};
/* End PBXProject section */

/* Begin PBXResourcesBuildPhase section */
		2F9341391A1B5BD300801471 /* Resources */ = {
			isa = PBXResourcesBuildPhase;
			buildActionMask = 2147483647;
			files = (
				2F93414A1A1B5BD300801471 /* Main.storyboard in Resources */,
				2F93414F1A1B5BD300801471 /* LaunchScreen.xib in Resources */,
				2F8B9EEA1A1BEEDA00A67FCD /* placeholder.jpeg in Resources */,
				2F93414C1A1B5BD300801471 /* Images.xcassets in Resources */,
				2F9341681A1B5C3600801471 /* GFECollectionViewCell.xib in Resources */,
			);
			runOnlyForDeploymentPostprocessing = 0;
		};
		2F9341521A1B5BD300801471 /* Resources */ = {
			isa = PBXResourcesBuildPhase;
			buildActionMask = 2147483647;
			files = (
			);
			runOnlyForDeploymentPostprocessing = 0;
		};
/* End PBXResourcesBuildPhase section */

/* Begin PBXSourcesBuildPhase section */
		2F9341371A1B5BD300801471 /* Sources */ = {
			isa = PBXSourcesBuildPhase;
			buildActionMask = 2147483647;
			files = (
				2F93416B1A1B5C6700801471 /* GFECollectionViewDataSource.m in Sources */,
				2F9341471A1B5BD300801471 /* ViewController.m in Sources */,
				2F9341441A1B5BD300801471 /* AppDelegate.m in Sources */,
				2F9341411A1B5BD300801471 /* main.m in Sources */,
				2F9341671A1B5C3600801471 /* GFECollectionViewCell.m in Sources */,
				2F93416E1A1B5CA700801471 /* GFECollectionViewLayout.m in Sources */,
				2F8B9EE81A1BE6D900A67FCD /* GFEImageManager.m in Sources */,
			);
			runOnlyForDeploymentPostprocessing = 0;
		};
		2F9341501A1B5BD300801471 /* Sources */ = {
			isa = PBXSourcesBuildPhase;
			buildActionMask = 2147483647;
			files = (
				2F93415B1A1B5BD300801471 /* GFExerciseTests.m in Sources */,
			);
			runOnlyForDeploymentPostprocessing = 0;
		};
/* End PBXSourcesBuildPhase section */

/* Begin PBXTargetDependency section */
		2F9341561A1B5BD300801471 /* PBXTargetDependency */ = {
			isa = PBXTargetDependency;
			target = 2F93413A1A1B5BD300801471 /* GFExercise */;
			targetProxy = 2F9341551A1B5BD300801471 /* PBXContainerItemProxy */;
		};
/* End PBXTargetDependency section */

/* Begin PBXVariantGroup section */
		2F9341481A1B5BD300801471 /* Main.storyboard */ = {
			isa = PBXVariantGroup;
			children = (
				2F9341491A1B5BD300801471 /* Base */,
			);
			name = Main.storyboard;
			sourceTree = "<group>";
		};
		2F93414D1A1B5BD300801471 /* LaunchScreen.xib */ = {
			isa = PBXVariantGroup;
			children = (
				2F93414E1A1B5BD300801471 /* Base */,
			);
			name = LaunchScreen.xib;
			sourceTree = "<group>";
		};
/* End PBXVariantGroup section */

/* Begin XCBuildConfiguration section */
		2F93415C1A1B5BD300801471 /* Debug */ = {
			isa = XCBuildConfiguration;
			buildSettings = {
				ALWAYS_SEARCH_USER_PATHS = NO;
				CLANG_CXX_LANGUAGE_STANDARD = "gnu++0x";
				CLANG_CXX_LIBRARY = "libc++";
				CLANG_ENABLE_MODULES = YES;
				CLANG_ENABLE_OBJC_ARC = YES;
				CLANG_WARN_BOOL_CONVERSION = YES;
				CLANG_WARN_CONSTANT_CONVERSION = YES;
				CLANG_WARN_DIRECT_OBJC_ISA_USAGE = YES_ERROR;
				CLANG_WARN_EMPTY_BODY = YES;
				CLANG_WARN_ENUM_CONVERSION = YES;
				CLANG_WARN_INT_CONVERSION = YES;
				CLANG_WARN_OBJC_ROOT_CLASS = YES_ERROR;
				CLANG_WARN_UNREACHABLE_CODE = YES;
				CLANG_WARN__DUPLICATE_METHOD_MATCH = YES;
				"CODE_SIGN_IDENTITY[sdk=iphoneos*]" = "iPhone Developer";
				COPY_PHASE_STRIP = NO;
				ENABLE_STRICT_OBJC_MSGSEND = YES;
				GCC_C_LANGUAGE_STANDARD = gnu99;
				GCC_DYNAMIC_NO_PIC = NO;
				GCC_OPTIMIZATION_LEVEL = 0;
				GCC_PREPROCESSOR_DEFINITIONS = (
					"DEBUG=1",
					"$(inherited)",
				);
				GCC_SYMBOLS_PRIVATE_EXTERN = NO;
				GCC_WARN_64_TO_32_BIT_CONVERSION = YES;
				GCC_WARN_ABOUT_RETURN_TYPE = YES_ERROR;
				GCC_WARN_UNDECLARED_SELECTOR = YES;
				GCC_WARN_UNINITIALIZED_AUTOS = YES_AGGRESSIVE;
				GCC_WARN_UNUSED_FUNCTION = YES;
				GCC_WARN_UNUSED_VARIABLE = YES;
				IPHONEOS_DEPLOYMENT_TARGET = 8.1;
				MTL_ENABLE_DEBUG_INFO = YES;
				ONLY_ACTIVE_ARCH = YES;
				SDKROOT = iphoneos;
				TARGETED_DEVICE_FAMILY = "1,2";
			};
			name = Debug;
		};
		2F93415D1A1B5BD300801471 /* Release */ = {
			isa = XCBuildConfiguration;
			buildSettings = {
				ALWAYS_SEARCH_USER_PATHS = NO;
				CLANG_CXX_LANGUAGE_STANDARD = "gnu++0x";
				CLANG_CXX_LIBRARY = "libc++";
				CLANG_ENABLE_MODULES = YES;
				CLANG_ENABLE_OBJC_ARC = YES;
				CLANG_WARN_BOOL_CONVERSION = YES;
				CLANG_WARN_CONSTANT_CONVERSION = YES;
				CLANG_WARN_DIRECT_OBJC_ISA_USAGE = YES_ERROR;
				CLANG_WARN_EMPTY_BODY = YES;
				CLANG_WARN_ENUM_CONVERSION = YES;
				CLANG_WARN_INT_CONVERSION = YES;
				CLANG_WARN_OBJC_ROOT_CLASS = YES_ERROR;
				CLANG_WARN_UNREACHABLE_CODE = YES;
				CLANG_WARN__DUPLICATE_METHOD_MATCH = YES;
				"CODE_SIGN_IDENTITY[sdk=iphoneos*]" = "iPhone Developer";
				COPY_PHASE_STRIP = YES;
				ENABLE_NS_ASSERTIONS = NO;
				ENABLE_STRICT_OBJC_MSGSEND = YES;
				GCC_C_LANGUAGE_STANDARD = gnu99;
				GCC_WARN_64_TO_32_BIT_CONVERSION = YES;
				GCC_WARN_ABOUT_RETURN_TYPE = YES_ERROR;
				GCC_WARN_UNDECLARED_SELECTOR = YES;
				GCC_WARN_UNINITIALIZED_AUTOS = YES_AGGRESSIVE;
				GCC_WARN_UNUSED_FUNCTION = YES;
				GCC_WARN_UNUSED_VARIABLE = YES;
				IPHONEOS_DEPLOYMENT_TARGET = 8.1;
				MTL_ENABLE_DEBUG_INFO = NO;
				SDKROOT = iphoneos;
				TARGETED_DEVICE_FAMILY = "1,2";
				VALIDATE_PRODUCT = YES;
			};
			name = Release;
		};
		2F93415F1A1B5BD300801471 /* Debug */ = {
			isa = XCBuildConfiguration;
			buildSettings = {
				ASSETCATALOG_COMPILER_APPICON_NAME = AppIcon;
				INFOPLIST_FILE = GFExercise/Info.plist;
				LD_RUNPATH_SEARCH_PATHS = "$(inherited) @executable_path/Frameworks";
				PRODUCT_NAME = "$(TARGET_NAME)";
			};
			name = Debug;
		};
		2F9341601A1B5BD300801471 /* Release */ = {
			isa = XCBuildConfiguration;
			buildSettings = {
				ASSETCATALOG_COMPILER_APPICON_NAME = AppIcon;
				INFOPLIST_FILE = GFExercise/Info.plist;
				LD_RUNPATH_SEARCH_PATHS = "$(inherited) @executable_path/Frameworks";
				PRODUCT_NAME = "$(TARGET_NAME)";
			};
			name = Release;
		};
		2F9341621A1B5BD300801471 /* Debug */ = {
			isa = XCBuildConfiguration;
			buildSettings = {
				BUNDLE_LOADER = "$(TEST_HOST)";
				FRAMEWORK_SEARCH_PATHS = (
					"$(SDKROOT)/Developer/Library/Frameworks",
					"$(inherited)",
				);
				GCC_PREPROCESSOR_DEFINITIONS = (
					"DEBUG=1",
					"$(inherited)",
				);
				INFOPLIST_FILE = GFExerciseTests/Info.plist;
				LD_RUNPATH_SEARCH_PATHS = "$(inherited) @executable_path/Frameworks @loader_path/Frameworks";
				PRODUCT_NAME = "$(TARGET_NAME)";
				TEST_HOST = "$(BUILT_PRODUCTS_DIR)/GFExercise.app/GFExercise";
			};
			name = Debug;
		};
		2F9341631A1B5BD300801471 /* Release */ = {
			isa = XCBuildConfiguration;
			buildSettings = {
				BUNDLE_LOADER = "$(TEST_HOST)";
				FRAMEWORK_SEARCH_PATHS = (
					"$(SDKROOT)/Developer/Library/Frameworks",
					"$(inherited)",
				);
				INFOPLIST_FILE = GFExerciseTests/Info.plist;
				LD_RUNPATH_SEARCH_PATHS = "$(inherited) @executable_path/Frameworks @loader_path/Frameworks";
				PRODUCT_NAME = "$(TARGET_NAME)";
				TEST_HOST = "$(BUILT_PRODUCTS_DIR)/GFExercise.app/GFExercise";
			};
			name = Release;
		};
/* End XCBuildConfiguration section */

/* Begin XCConfigurationList section */
		2F9341361A1B5BD300801471 /* Build configuration list for PBXProject "GFExercise" */ = {
			isa = XCConfigurationList;
			buildConfigurations = (
				2F93415C1A1B5BD300801471 /* Debug */,
				2F93415D1A1B5BD300801471 /* Release */,
			);
			defaultConfigurationIsVisible = 0;
			defaultConfigurationName = Release;
		};
		2F93415E1A1B5BD300801471 /* Build configuration list for PBXNativeTarget "GFExercise" */ = {
			isa = XCConfigurationList;
			buildConfigurations = (
				2F93415F1A1B5BD300801471 /* Debug */,
				2F9341601A1B5BD300801471 /* Release */,
			);
			defaultConfigurationIsVisible = 0;
			defaultConfigurationName = Release;
		};
		2F9341611A1B5BD300801471 /* Build configuration list for PBXNativeTarget "GFExerciseTests" */ = {
			isa = XCConfigurationList;
			buildConfigurations = (
				2F9341621A1B5BD300801471 /* Debug */,
				2F9341631A1B5BD300801471 /* Release */,
			);
			defaultConfigurationIsVisible = 0;
			defaultConfigurationName = Release;
		};
/* End XCConfigurationList section */
	};
	rootObject = 2F9341331A1B5BD300801471 /* Project object */;
}
